
Microsoft Visual Studio Solution File, Format Version 12.00
# Visual Studio Version 17
VisualStudioVersion = 17.14.36811.4
MinimumVisualStudioVersion = 10.0.40219.1
Project("{FAE04EC0-301F-11D3-BF4B-00C04F79EFBC}") = "Storage", "Storage\Storage.csproj", "{13B6AAC9-4F89-42D2-8381-D29A5E99542B}"
EndProject
Global
	GlobalSection(SolutionConfigurationPlatforms) = preSolution
		Debug|Any CPU = Debug|Any CPU
		Release|Any CPU = Release|Any CPU
	EndGlobalSection
	GlobalSection(ProjectConfigurationPlatforms) = postSolution
		{13B6AAC9-4F89-42D2-8381-D29A5E99542B}.Debug|Any CPU.ActiveCfg = Debug|Any CPU
		{13B6AAC9-4F89-42D2-8381-D29A5E99542B}.Debug|Any CPU.Build.0 = Debug|Any CPU
		{13B6AAC9-4F89-42D2-8381-D29A5E99542B}.Release|Any CPU.ActiveCfg = Release|Any CPU
		{13B6AAC9-4F89-42D2-8381-D29A5E99542B}.Release|Any CPU.Build.0 = Release|Any CPU
	EndGlobalSection
	GlobalSection(SolutionProperties) = preSolution
		HideSolutionNode = FALSE
	EndGlobalSection
	GlobalSection(ExtensibilityGlobals) = postSolution
		SolutionGuid = {B982507F-7426-454C-8062-DADFFBCA8F1D}
	EndGlobalSection
EndGlobal
